// !$*UTF8*$!
{
	archiveVersion = 1;
	classes = {
	};
	objectVersion = 46;
	objects = {

/* Begin PBXBuildFile section */
		ABACDE0E1A50683900134C98 /* Bold-Bridging-Header.h in Headers */ = {isa = PBXBuildFile; fileRef = ABACDE0D1A50683900134C98 /* Bold-Bridging-Header.h */; settings = {ATTRIBUTES = (Public, ); }; };
		ABACDE141A50683900134C98 /* Bold.framework in Frameworks */ = {isa = PBXBuildFile; fileRef = ABACDE081A50683900134C98 /* Bold.framework */; };
		ABACDE1B1A50683900134C98 /* BoldTests.swift in Sources */ = {isa = PBXBuildFile; fileRef = ABACDE1A1A50683900134C98 /* BoldTests.swift */; };
		ABACDE2E1A50687300134C98 /* Bindable.swift in Sources */ = {isa = PBXBuildFile; fileRef = ABACDE261A50687300134C98 /* Bindable.swift */; };
		ABACDE2F1A50687300134C98 /* Database.swift in Sources */ = {isa = PBXBuildFile; fileRef = ABACDE271A50687300134C98 /* Database.swift */; };
		ABACDE301A50687300134C98 /* QueryResult.swift in Sources */ = {isa = PBXBuildFile; fileRef = ABACDE281A50687300134C98 /* QueryResult.swift */; };
		ABACDE311A50687300134C98 /* ResultSet.swift in Sources */ = {isa = PBXBuildFile; fileRef = ABACDE291A50687300134C98 /* ResultSet.swift */; };
		ABACDE321A50687300134C98 /* Row.swift in Sources */ = {isa = PBXBuildFile; fileRef = ABACDE2A1A50687300134C98 /* Row.swift */; };
		ABACDE331A50687300134C98 /* Error.swift in Sources */ = {isa = PBXBuildFile; fileRef = ABACDE2B1A50687300134C98 /* Error.swift */; };
		ABACDE341A50687300134C98 /* Statement.swift in Sources */ = {isa = PBXBuildFile; fileRef = ABACDE2C1A50687300134C98 /* Statement.swift */; };
		ABACDE351A50687300134C98 /* UpdateResult.swift in Sources */ = {isa = PBXBuildFile; fileRef = ABACDE2D1A50687300134C98 /* UpdateResult.swift */; };
		ABCFAA631A517E2B0042B445 /* PreparationResult.swift in Sources */ = {isa = PBXBuildFile; fileRef = ABCFAA621A517E2B0042B445 /* PreparationResult.swift */; };
		ABCFAA651A517F480042B445 /* DatabaseTests.swift in Sources */ = {isa = PBXBuildFile; fileRef = ABCFAA641A517F480042B445 /* DatabaseTests.swift */; };
		ABE3A5A71D97EEC400F3EC6D /* libsqlite3.tbd in Frameworks */ = {isa = PBXBuildFile; fileRef = ABE3A5A61D97EEC400F3EC6D /* libsqlite3.tbd */; };
/* End PBXBuildFile section */

/* Begin PBXContainerItemProxy section */
		ABACDE151A50683900134C98 /* PBXContainerItemProxy */ = {
			isa = PBXContainerItemProxy;
			containerPortal = ABACDDFF1A50683900134C98 /* Project object */;
			proxyType = 1;
			remoteGlobalIDString = ABACDE071A50683900134C98;
			remoteInfo = Bold;
		};
/* End PBXContainerItemProxy section */

/* Begin PBXFileReference section */
		ABACDE081A50683900134C98 /* Bold.framework */ = {isa = PBXFileReference; explicitFileType = wrapper.framework; includeInIndex = 0; path = Bold.framework; sourceTree = BUILT_PRODUCTS_DIR; };
		ABACDE0C1A50683900134C98 /* Info.plist */ = {isa = PBXFileReference; lastKnownFileType = text.plist.xml; path = Info.plist; sourceTree = "<group>"; };
		ABACDE0D1A50683900134C98 /* Bold-Bridging-Header.h */ = {isa = PBXFileReference; lastKnownFileType = sourcecode.c.h; path = "Bold-Bridging-Header.h"; sourceTree = "<group>"; };
		ABACDE131A50683900134C98 /* BoldTests.xctest */ = {isa = PBXFileReference; explicitFileType = wrapper.cfbundle; includeInIndex = 0; path = BoldTests.xctest; sourceTree = BUILT_PRODUCTS_DIR; };
		ABACDE191A50683900134C98 /* Info.plist */ = {isa = PBXFileReference; lastKnownFileType = text.plist.xml; path = Info.plist; sourceTree = "<group>"; };
		ABACDE1A1A50683900134C98 /* BoldTests.swift */ = {isa = PBXFileReference; lastKnownFileType = sourcecode.swift; path = BoldTests.swift; sourceTree = "<group>"; };
		ABACDE261A50687300134C98 /* Bindable.swift */ = {isa = PBXFileReference; fileEncoding = 4; lastKnownFileType = sourcecode.swift; path = Bindable.swift; sourceTree = "<group>"; };
		ABACDE271A50687300134C98 /* Database.swift */ = {isa = PBXFileReference; fileEncoding = 4; lastKnownFileType = sourcecode.swift; path = Database.swift; sourceTree = "<group>"; };
		ABACDE281A50687300134C98 /* QueryResult.swift */ = {isa = PBXFileReference; fileEncoding = 4; lastKnownFileType = sourcecode.swift; path = QueryResult.swift; sourceTree = "<group>"; };
		ABACDE291A50687300134C98 /* ResultSet.swift */ = {isa = PBXFileReference; fileEncoding = 4; lastKnownFileType = sourcecode.swift; path = ResultSet.swift; sourceTree = "<group>"; };
		ABACDE2A1A50687300134C98 /* Row.swift */ = {isa = PBXFileReference; fileEncoding = 4; lastKnownFileType = sourcecode.swift; path = Row.swift; sourceTree = "<group>"; };
		ABACDE2B1A50687300134C98 /* Error.swift */ = {isa = PBXFileReference; fileEncoding = 4; lastKnownFileType = sourcecode.swift; path = Error.swift; sourceTree = "<group>"; };
		ABACDE2C1A50687300134C98 /* Statement.swift */ = {isa = PBXFileReference; fileEncoding = 4; lastKnownFileType = sourcecode.swift; path = Statement.swift; sourceTree = "<group>"; };
		ABACDE2D1A50687300134C98 /* UpdateResult.swift */ = {isa = PBXFileReference; fileEncoding = 4; lastKnownFileType = sourcecode.swift; path = UpdateResult.swift; sourceTree = "<group>"; };
		ABACDE361A50697E00134C98 /* Bold.h */ = {isa = PBXFileReference; lastKnownFileType = sourcecode.c.h; path = Bold.h; sourceTree = "<group>"; };
		ABCFAA601A5173570042B445 /* Tasks.txt */ = {isa = PBXFileReference; fileEncoding = 4; lastKnownFileType = text; path = Tasks.txt; sourceTree = "<group>"; };
		ABCFAA621A517E2B0042B445 /* PreparationResult.swift */ = {isa = PBXFileReference; fileEncoding = 4; lastKnownFileType = sourcecode.swift; path = PreparationResult.swift; sourceTree = "<group>"; };
		ABCFAA641A517F480042B445 /* DatabaseTests.swift */ = {isa = PBXFileReference; fileEncoding = 4; lastKnownFileType = sourcecode.swift; path = DatabaseTests.swift; sourceTree = "<group>"; };
		ABE3A5A61D97EEC400F3EC6D /* libsqlite3.tbd */ = {isa = PBXFileReference; lastKnownFileType = "sourcecode.text-based-dylib-definition"; name = libsqlite3.tbd; path = usr/lib/libsqlite3.tbd; sourceTree = SDKROOT; };
/* End PBXFileReference section */

/* Begin PBXFrameworksBuildPhase section */
		ABACDE041A50683900134C98 /* Frameworks */ = {
			isa = PBXFrameworksBuildPhase;
			buildActionMask = 2147483647;
			files = (
				ABE3A5A71D97EEC400F3EC6D /* libsqlite3.tbd in Frameworks */,
			);
			runOnlyForDeploymentPostprocessing = 0;
		};
		ABACDE101A50683900134C98 /* Frameworks */ = {
			isa = PBXFrameworksBuildPhase;
			buildActionMask = 2147483647;
			files = (
				ABACDE141A50683900134C98 /* Bold.framework in Frameworks */,
			);
			runOnlyForDeploymentPostprocessing = 0;
		};
/* End PBXFrameworksBuildPhase section */

/* Begin PBXGroup section */
		ABACDDFE1A50683900134C98 = {
			isa = PBXGroup;
			children = (
				ABACDE0A1A50683900134C98 /* Bold */,
				ABACDE171A50683900134C98 /* BoldTests */,
				ABACDE091A50683900134C98 /* Products */,
				ABE3A5A51D97EEC300F3EC6D /* Frameworks */,
			);
			sourceTree = "<group>";
		};
		ABACDE091A50683900134C98 /* Products */ = {
			isa = PBXGroup;
			children = (
				ABACDE081A50683900134C98 /* Bold.framework */,
				ABACDE131A50683900134C98 /* BoldTests.xctest */,
			);
			name = Products;
			sourceTree = "<group>";
		};
		ABACDE0A1A50683900134C98 /* Bold */ = {
			isa = PBXGroup;
			children = (
				ABCFAA601A5173570042B445 /* Tasks.txt */,
				ABACDE271A50687300134C98 /* Database.swift */,
				ABACDE261A50687300134C98 /* Bindable.swift */,
				ABACDE281A50687300134C98 /* QueryResult.swift */,
				ABACDE2D1A50687300134C98 /* UpdateResult.swift */,
				ABACDE291A50687300134C98 /* ResultSet.swift */,
				ABACDE2A1A50687300134C98 /* Row.swift */,
				ABACDE2B1A50687300134C98 /* Error.swift */,
				ABACDE2C1A50687300134C98 /* Statement.swift */,
				ABCFAA621A517E2B0042B445 /* PreparationResult.swift */,
				ABACDE0D1A50683900134C98 /* Bold-Bridging-Header.h */,
				ABACDE361A50697E00134C98 /* Bold.h */,
				ABACDE0B1A50683900134C98 /* Supporting Files */,
			);
			path = Bold;
			sourceTree = "<group>";
		};
		ABACDE0B1A50683900134C98 /* Supporting Files */ = {
			isa = PBXGroup;
			children = (
				ABACDE0C1A50683900134C98 /* Info.plist */,
			);
			name = "Supporting Files";
			sourceTree = "<group>";
		};
		ABACDE171A50683900134C98 /* BoldTests */ = {
			isa = PBXGroup;
			children = (
				ABACDE1A1A50683900134C98 /* BoldTests.swift */,
				ABCFAA641A517F480042B445 /* DatabaseTests.swift */,
				ABACDE181A50683900134C98 /* Supporting Files */,
			);
			path = BoldTests;
			sourceTree = "<group>";
		};
		ABACDE181A50683900134C98 /* Supporting Files */ = {
			isa = PBXGroup;
			children = (
				ABACDE191A50683900134C98 /* Info.plist */,
			);
			name = "Supporting Files";
			sourceTree = "<group>";
		};
		ABE3A5A51D97EEC300F3EC6D /* Frameworks */ = {
			isa = PBXGroup;
			children = (
				ABE3A5A61D97EEC400F3EC6D /* libsqlite3.tbd */,
			);
			name = Frameworks;
			sourceTree = "<group>";
		};
/* End PBXGroup section */

/* Begin PBXHeadersBuildPhase section */
		ABACDE051A50683900134C98 /* Headers */ = {
			isa = PBXHeadersBuildPhase;
			buildActionMask = 2147483647;
			files = (
				ABACDE0E1A50683900134C98 /* Bold-Bridging-Header.h in Headers */,
			);
			runOnlyForDeploymentPostprocessing = 0;
		};
/* End PBXHeadersBuildPhase section */

/* Begin PBXNativeTarget section */
		ABACDE071A50683900134C98 /* Bold */ = {
			isa = PBXNativeTarget;
			buildConfigurationList = ABACDE1E1A50683900134C98 /* Build configuration list for PBXNativeTarget "Bold" */;
			buildPhases = (
				ABACDE031A50683900134C98 /* Sources */,
				ABACDE041A50683900134C98 /* Frameworks */,
				ABACDE051A50683900134C98 /* Headers */,
				ABACDE061A50683900134C98 /* Resources */,
			);
			buildRules = (
			);
			dependencies = (
			);
			name = Bold;
			productName = Bold;
			productReference = ABACDE081A50683900134C98 /* Bold.framework */;
			productType = "com.apple.product-type.framework";
		};
		ABACDE121A50683900134C98 /* BoldTests */ = {
			isa = PBXNativeTarget;
			buildConfigurationList = ABACDE211A50683900134C98 /* Build configuration list for PBXNativeTarget "BoldTests" */;
			buildPhases = (
				ABACDE0F1A50683900134C98 /* Sources */,
				ABACDE101A50683900134C98 /* Frameworks */,
				ABACDE111A50683900134C98 /* Resources */,
			);
			buildRules = (
			);
			dependencies = (
				ABACDE161A50683900134C98 /* PBXTargetDependency */,
			);
			name = BoldTests;
			productName = BoldTests;
			productReference = ABACDE131A50683900134C98 /* BoldTests.xctest */;
			productType = "com.apple.product-type.bundle.unit-test";
		};
/* End PBXNativeTarget section */

/* Begin PBXProject section */
		ABACDDFF1A50683900134C98 /* Project object */ = {
			isa = PBXProject;
			attributes = {
				LastUpgradeCheck = 0800;
				ORGANIZATIONNAME = "Christian Kienle";
				TargetAttributes = {
					ABACDE071A50683900134C98 = {
						CreatedOnToolsVersion = 6.1.1;
						LastSwiftMigration = 0800;
					};
					ABACDE121A50683900134C98 = {
						CreatedOnToolsVersion = 6.1.1;
						LastSwiftMigration = 0800;
					};
				};
			};
			buildConfigurationList = ABACDE021A50683900134C98 /* Build configuration list for PBXProject "Bold" */;
			compatibilityVersion = "Xcode 3.2";
			developmentRegion = English;
			hasScannedForEncodings = 0;
			knownRegions = (
				en,
			);
			mainGroup = ABACDDFE1A50683900134C98;
			productRefGroup = ABACDE091A50683900134C98 /* Products */;
			projectDirPath = "";
			projectRoot = "";
			targets = (
				ABACDE071A50683900134C98 /* Bold */,
				ABACDE121A50683900134C98 /* BoldTests */,
			);
		};
/* End PBXProject section */

/* Begin PBXResourcesBuildPhase section */
		ABACDE061A50683900134C98 /* Resources */ = {
			isa = PBXResourcesBuildPhase;
			buildActionMask = 2147483647;
			files = (
			);
			runOnlyForDeploymentPostprocessing = 0;
		};
		ABACDE111A50683900134C98 /* Resources */ = {
			isa = PBXResourcesBuildPhase;
			buildActionMask = 2147483647;
			files = (
			);
			runOnlyForDeploymentPostprocessing = 0;
		};
/* End PBXResourcesBuildPhase section */

/* Begin PBXSourcesBuildPhase section */
		ABACDE031A50683900134C98 /* Sources */ = {
			isa = PBXSourcesBuildPhase;
			buildActionMask = 2147483647;
			files = (
				ABACDE341A50687300134C98 /* Statement.swift in Sources */,
				ABACDE301A50687300134C98 /* QueryResult.swift in Sources */,
				ABCFAA631A517E2B0042B445 /* PreparationResult.swift in Sources */,
				ABACDE311A50687300134C98 /* ResultSet.swift in Sources */,
				ABACDE2F1A50687300134C98 /* Database.swift in Sources */,
				ABACDE321A50687300134C98 /* Row.swift in Sources */,
				ABACDE2E1A50687300134C98 /* Bindable.swift in Sources */,
				ABACDE331A50687300134C98 /* Error.swift in Sources */,
				ABACDE351A50687300134C98 /* UpdateResult.swift in Sources */,
			);
			runOnlyForDeploymentPostprocessing = 0;
		};
		ABACDE0F1A50683900134C98 /* Sources */ = {
			isa = PBXSourcesBuildPhase;
			buildActionMask = 2147483647;
			files = (
				ABCFAA651A517F480042B445 /* DatabaseTests.swift in Sources */,
				ABACDE1B1A50683900134C98 /* BoldTests.swift in Sources */,
			);
			runOnlyForDeploymentPostprocessing = 0;
		};
/* End PBXSourcesBuildPhase section */

/* Begin PBXTargetDependency section */
		ABACDE161A50683900134C98 /* PBXTargetDependency */ = {
			isa = PBXTargetDependency;
			target = ABACDE071A50683900134C98 /* Bold */;
			targetProxy = ABACDE151A50683900134C98 /* PBXContainerItemProxy */;
		};
/* End PBXTargetDependency section */

/* Begin XCBuildConfiguration section */
		ABACDE1C1A50683900134C98 /* Debug */ = {
			isa = XCBuildConfiguration;
			buildSettings = {
				ALWAYS_SEARCH_USER_PATHS = NO;
				CLANG_ALLOW_NON_MODULAR_INCLUDES_IN_FRAMEWORK_MODULES = NO;
				CLANG_CXX_LANGUAGE_STANDARD = "compiler-default";
				CLANG_CXX_LIBRARY = "compiler-default";
				CLANG_ENABLE_MODULES = NO;
				CLANG_ENABLE_OBJC_ARC = YES;
				CLANG_WARN_BOOL_CONVERSION = YES;
				CLANG_WARN_CONSTANT_CONVERSION = YES;
				CLANG_WARN_DIRECT_OBJC_ISA_USAGE = YES_ERROR;
				CLANG_WARN_EMPTY_BODY = YES;
				CLANG_WARN_ENUM_CONVERSION = YES;
				CLANG_WARN_INFINITE_RECURSION = YES;
				CLANG_WARN_INT_CONVERSION = YES;
				CLANG_WARN_OBJC_ROOT_CLASS = YES_ERROR;
				CLANG_WARN_SUSPICIOUS_MOVE = YES;
				CLANG_WARN_UNREACHABLE_CODE = YES;
				CLANG_WARN__DUPLICATE_METHOD_MATCH = YES;
				COPY_PHASE_STRIP = NO;
				CURRENT_PROJECT_VERSION = 1;
				DEBUG_INFORMATION_FORMAT = "dwarf-with-dsym";
				ENABLE_STRICT_OBJC_MSGSEND = YES;
				ENABLE_TESTABILITY = YES;
				GCC_C_LANGUAGE_STANDARD = "compiler-default";
				GCC_DYNAMIC_NO_PIC = NO;
				GCC_NO_COMMON_BLOCKS = YES;
				GCC_OPTIMIZATION_LEVEL = 0;
				GCC_PREPROCESSOR_DEFINITIONS = (
					"DEBUG=1",
					"$(inherited)",
				);
				GCC_SYMBOLS_PRIVATE_EXTERN = NO;
				GCC_WARN_64_TO_32_BIT_CONVERSION = YES;
				GCC_WARN_ABOUT_RETURN_TYPE = YES_ERROR;
				GCC_WARN_UNDECLARED_SELECTOR = YES;
				GCC_WARN_UNINITIALIZED_AUTOS = YES_AGGRESSIVE;
				GCC_WARN_UNUSED_FUNCTION = YES;
				GCC_WARN_UNUSED_VARIABLE = YES;
				MACOSX_DEPLOYMENT_TARGET = 10.11;
				MTL_ENABLE_DEBUG_INFO = YES;
				ONLY_ACTIVE_ARCH = YES;
				SDKROOT = macosx;
				SWIFT_OPTIMIZATION_LEVEL = "-Onone";
				SWIFT_VERSION = 3.0;
				VERSIONING_SYSTEM = "apple-generic";
				VERSION_INFO_PREFIX = "";
			};
			name = Debug;
		};
		ABACDE1D1A50683900134C98 /* Release */ = {
			isa = XCBuildConfiguration;
			buildSettings = {
				ALWAYS_SEARCH_USER_PATHS = NO;
				CLANG_ALLOW_NON_MODULAR_INCLUDES_IN_FRAMEWORK_MODULES = NO;
				CLANG_CXX_LANGUAGE_STANDARD = "compiler-default";
				CLANG_CXX_LIBRARY = "compiler-default";
				CLANG_ENABLE_MODULES = NO;
				CLANG_ENABLE_OBJC_ARC = YES;
				CLANG_WARN_BOOL_CONVERSION = YES;
				CLANG_WARN_CONSTANT_CONVERSION = YES;
				CLANG_WARN_DIRECT_OBJC_ISA_USAGE = YES_ERROR;
				CLANG_WARN_EMPTY_BODY = YES;
				CLANG_WARN_ENUM_CONVERSION = YES;
				CLANG_WARN_INFINITE_RECURSION = YES;
				CLANG_WARN_INT_CONVERSION = YES;
				CLANG_WARN_OBJC_ROOT_CLASS = YES_ERROR;
				CLANG_WARN_SUSPICIOUS_MOVE = YES;
				CLANG_WARN_UNREACHABLE_CODE = YES;
				CLANG_WARN__DUPLICATE_METHOD_MATCH = YES;
				COPY_PHASE_STRIP = NO;
				CURRENT_PROJECT_VERSION = 1;
				DEBUG_INFORMATION_FORMAT = "dwarf-with-dsym";
				ENABLE_NS_ASSERTIONS = NO;
				ENABLE_STRICT_OBJC_MSGSEND = YES;
				GCC_C_LANGUAGE_STANDARD = "compiler-default";
				GCC_NO_COMMON_BLOCKS = YES;
				GCC_WARN_64_TO_32_BIT_CONVERSION = YES;
				GCC_WARN_ABOUT_RETURN_TYPE = YES_ERROR;
				GCC_WARN_UNDECLARED_SELECTOR = YES;
				GCC_WARN_UNINITIALIZED_AUTOS = YES_AGGRESSIVE;
				GCC_WARN_UNUSED_FUNCTION = YES;
				GCC_WARN_UNUSED_VARIABLE = YES;
				MACOSX_DEPLOYMENT_TARGET = 10.11;
				MTL_ENABLE_DEBUG_INFO = NO;
				SDKROOT = macosx;
				SWIFT_OPTIMIZATION_LEVEL = "-Owholemodule";
				SWIFT_VERSION = 3.0;
				VERSIONING_SYSTEM = "apple-generic";
				VERSION_INFO_PREFIX = "";
			};
			name = Release;
		};
		ABACDE1F1A50683900134C98 /* Debug */ = {
			isa = XCBuildConfiguration;
			buildSettings = {
				CLANG_ENABLE_MODULES = NO;
				CLANG_WARN_DOCUMENTATION_COMMENTS = YES;
				COMBINE_HIDPI_IMAGES = YES;
				DEFINES_MODULE = YES;
				DYLIB_COMPATIBILITY_VERSION = 1;
				DYLIB_CURRENT_VERSION = 1;
				DYLIB_INSTALL_NAME_BASE = "@rpath";
				FRAMEWORK_VERSION = A;
				INFOPLIST_FILE = Bold/Info.plist;
				INSTALL_PATH = "$(LOCAL_LIBRARY_DIR)/Frameworks";
				LD_RUNPATH_SEARCH_PATHS = "$(inherited) @executable_path/../Frameworks @loader_path/Frameworks";
				MACOSX_DEPLOYMENT_TARGET = 10.11;
				PRODUCT_BUNDLE_IDENTIFIER = "com.thermal-core.$(PRODUCT_NAME:rfc1034identifier)";
				PRODUCT_NAME = "$(TARGET_NAME)";
				SKIP_INSTALL = YES;
				SWIFT_OBJC_BRIDGING_HEADER = "Bold/Bold-Bridging-Header.h";
				SWIFT_OPTIMIZATION_LEVEL = "-Onone";
				SWIFT_VERSION = 3.0;
			};
			name = Debug;
		};
		ABACDE201A50683900134C98 /* Release */ = {
			isa = XCBuildConfiguration;
			buildSettings = {
				CLANG_ENABLE_MODULES = NO;
				CLANG_WARN_DOCUMENTATION_COMMENTS = YES;
				COMBINE_HIDPI_IMAGES = YES;
				DEFINES_MODULE = YES;
				DYLIB_COMPATIBILITY_VERSION = 1;
				DYLIB_CURRENT_VERSION = 1;
				DYLIB_INSTALL_NAME_BASE = "@rpath";
				FRAMEWORK_VERSION = A;
				INFOPLIST_FILE = Bold/Info.plist;
				INSTALL_PATH = "$(LOCAL_LIBRARY_DIR)/Frameworks";
				LD_RUNPATH_SEARCH_PATHS = "$(inherited) @executable_path/../Frameworks @loader_path/Frameworks";
				MACOSX_DEPLOYMENT_TARGET = 10.11;
				PRODUCT_BUNDLE_IDENTIFIER = "com.thermal-core.$(PRODUCT_NAME:rfc1034identifier)";
				PRODUCT_NAME = "$(TARGET_NAME)";
				SKIP_INSTALL = YES;
				SWIFT_OBJC_BRIDGING_HEADER = "Bold/Bold-Bridging-Header.h";
				SWIFT_VERSION = 3.0;
			};
			name = Release;
		};
		ABACDE221A50683900134C98 /* Debug */ = {
			isa = XCBuildConfiguration;
			buildSettings = {
				COMBINE_HIDPI_IMAGES = YES;
				FRAMEWORK_SEARCH_PATHS = (
					"$(DEVELOPER_FRAMEWORKS_DIR)",
					"$(inherited)",
					"$(PLATFORM_DIR)/Developer/Library/Frameworks",
				);
				GCC_PREPROCESSOR_DEFINITIONS = (
					"DEBUG=1",
					"$(inherited)",
				);
				INFOPLIST_FILE = BoldTests/Info.plist;
				LD_RUNPATH_SEARCH_PATHS = "$(inherited) @executable_path/../Frameworks @loader_path/../Frameworks";
				PRODUCT_BUNDLE_IDENTIFIER = "com.thermal-core.$(PRODUCT_NAME:rfc1034identifier)";
				PRODUCT_NAME = "$(TARGET_NAME)";
				SWIFT_VERSION = 3.0;
			};
			name = Debug;
		};
		ABACDE231A50683900134C98 /* Release */ = {
			isa = XCBuildConfiguration;
			buildSettings = {
				COMBINE_HIDPI_IMAGES = YES;
				FRAMEWORK_SEARCH_PATHS = (
					"$(DEVELOPER_FRAMEWORKS_DIR)",
					"$(inherited)",
					"$(PLATFORM_DIR)/Developer/Library/Frameworks",
				);
				INFOPLIST_FILE = BoldTests/Info.plist;
				LD_RUNPATH_SEARCH_PATHS = "$(inherited) @executable_path/../Frameworks @loader_path/../Frameworks";
				PRODUCT_BUNDLE_IDENTIFIER = "com.thermal-core.$(PRODUCT_NAME:rfc1034identifier)";
				PRODUCT_NAME = "$(TARGET_NAME)";
				SWIFT_VERSION = 3.0;
			};
			name = Release;
		};
/* End XCBuildConfiguration section */

/* Begin XCConfigurationList section */
		ABACDE021A50683900134C98 /* Build configuration list for PBXProject "Bold" */ = {
			isa = XCConfigurationList;
			buildConfigurations = (
				ABACDE1C1A50683900134C98 /* Debug */,
				ABACDE1D1A50683900134C98 /* Release */,
			);
			defaultConfigurationIsVisible = 0;
			defaultConfigurationName = Release;
		};
		ABACDE1E1A50683900134C98 /* Build configuration list for PBXNativeTarget "Bold" */ = {
			isa = XCConfigurationList;
			buildConfigurations = (
				ABACDE1F1A50683900134C98 /* Debug */,
				ABACDE201A50683900134C98 /* Release */,
			);
			defaultConfigurationIsVisible = 0;
			defaultConfigurationName = Release;
		};
		ABACDE211A50683900134C98 /* Build configuration list for PBXNativeTarget "BoldTests" */ = {
			isa = XCConfigurationList;
			buildConfigurations = (
				ABACDE221A50683900134C98 /* Debug */,
				ABACDE231A50683900134C98 /* Release */,
			);
			defaultConfigurationIsVisible = 0;
			defaultConfigurationName = Release;
		};
/* End XCConfigurationList section */
	};
	rootObject = ABACDDFF1A50683900134C98 /* Project object */;
}
